
Microsoft Visual Studio Solution File, Format Version 12.00
# Visual Studio Version 17
VisualStudioVersion = 17.11.35222.181
MinimumVisualStudioVersion = 10.0.40219.1
Project("{FAE04EC0-301F-11D3-BF4B-00C04F79EFBC}") = "Test", "Test.csproj", "{AD6BDAC9-564B-4EAB-8FF8-735FFF8BC2B1}"
EndProject
Global
	GlobalSection(SolutionConfigurationPlatforms) = preSolution
		Debug|Any CPU = Debug|Any CPU
		Release|Any CPU = Release|Any CPU
	EndGlobalSection
	GlobalSection(ProjectConfigurationPlatforms) = postSolution
		{AD6BDAC9-564B-4EAB-8FF8-735FFF8BC2B1}.Debug|Any CPU.ActiveCfg = Debug|Any CPU
		{AD6BDAC9-564B-4EAB-8FF8-735FFF8BC2B1}.Debug|Any CPU.Build.0 = Debug|Any CPU
		{AD6BDAC9-564B-4EAB-8FF8-735FFF8BC2B1}.Release|Any CPU.ActiveCfg = Release|Any CPU
		{AD6BDAC9-564B-4EAB-8FF8-735FFF8BC2B1}.Release|Any CPU.Build.0 = Release|Any CPU
	EndGlobalSection
	GlobalSection(SolutionProperties) = preSolution
		HideSolutionNode = FALSE
	EndGlobalSection
	GlobalSection(ExtensibilityGlobals) = postSolution
		SolutionGuid = {25974C4F-0D5A-4EF8-ACFA-7EDB3B1DFB1C}
	EndGlobalSection
EndGlobal
