
Microsoft Visual Studio Solution File, Format Version 12.00
# Visual Studio Version 17
VisualStudioVersion = 17.11.35219.272
MinimumVisualStudioVersion = 10.0.40219.1
Project("{FAE04EC0-301F-11D3-BF4B-00C04F79EFBC}") = "analytics", "analytics.csproj", "{A7919607-ACEE-40C8-A326-7514239FE045}"
EndProject
Global
	GlobalSection(SolutionConfigurationPlatforms) = preSolution
		Debug|Any CPU = Debug|Any CPU
		Release|Any CPU = Release|Any CPU
	EndGlobalSection
	GlobalSection(ProjectConfigurationPlatforms) = postSolution
		{A7919607-ACEE-40C8-A326-7514239FE045}.Debug|Any CPU.ActiveCfg = Debug|Any CPU
		{A7919607-ACEE-40C8-A326-7514239FE045}.Debug|Any CPU.Build.0 = Debug|Any CPU
		{A7919607-ACEE-40C8-A326-7514239FE045}.Release|Any CPU.ActiveCfg = Release|Any CPU
		{A7919607-ACEE-40C8-A326-7514239FE045}.Release|Any CPU.Build.0 = Release|Any CPU
	EndGlobalSection
	GlobalSection(SolutionProperties) = preSolution
		HideSolutionNode = FALSE
	EndGlobalSection
	GlobalSection(ExtensibilityGlobals) = postSolution
		SolutionGuid = {08528702-87BD-4468-BE48-778713FF1504}
	EndGlobalSection
EndGlobal
